
Microsoft Visual Studio Solution File, Format Version 12.00
# Visual Studio Version 17
VisualStudioVersion = 17.13.35825.156 d17.13
MinimumVisualStudioVersion = 10.0.40219.1
Project("{FAE04EC0-301F-11D3-BF4B-00C04F79EFBC}") = "open", "open\open.csproj", "{E0EF6AEE-0344-466C-86C5-1719BFE40D9C}"
EndProject
Global
	GlobalSection(SolutionConfigurationPlatforms) = preSolution
		Debug|Any CPU = Debug|Any CPU
		Release|Any CPU = Release|Any CPU
	EndGlobalSection
	GlobalSection(ProjectConfigurationPlatforms) = postSolution
		{E0EF6AEE-0344-466C-86C5-1719BFE40D9C}.Debug|Any CPU.ActiveCfg = Debug|Any CPU
		{E0EF6AEE-0344-466C-86C5-1719BFE40D9C}.Debug|Any CPU.Build.0 = Debug|Any CPU
		{E0EF6AEE-0344-466C-86C5-1719BFE40D9C}.Release|Any CPU.ActiveCfg = Release|Any CPU
		{E0EF6AEE-0344-466C-86C5-1719BFE40D9C}.Release|Any CPU.Build.0 = Release|Any CPU
	EndGlobalSection
	GlobalSection(SolutionProperties) = preSolution
		HideSolutionNode = FALSE
	EndGlobalSection
	GlobalSection(ExtensibilityGlobals) = postSolution
		SolutionGuid = {966777E0-9375-42FF-84BE-8E9086304C04}
	EndGlobalSection
EndGlobal
